{
  "name": "webhooks",
  "version": "1.0.0",
  "lockfileVersion": 3,
  "requires": true,
  "packages": {
    "": {
      "name": "webhooks",
      "version": "1.0.0",
      "license": "ISC",
      "dependencies": {
        "smee-client": "5.0.0"
      }
    },
    "node_modules/eventsource": {
      "version": "4.1.0",
      "resolved": "https://registry.npmjs.org/eventsource/-/eventsource-4.1.0.tgz",
      "integrity": "sha512-2GuF51iuHX6A9xdTccMTsNb7VO0lHZihApxhvQzJB5A03DvHDd2FQepodbMaztPBmBcE/ox7o2gqaxGhYB9LhQ==",
      "dependencies": {
        "eventsource-parser": "^3.0.1"
      },
      "engines": {
        "node": ">=20.0.0"
      }
    },
    "node_modules/eventsource-parser": {
      "version": "3.0.6",
      "resolved": "https://registry.npmjs.org/eventsource-parser/-/eventsource-parser-3.0.6.tgz",
      "integrity": "sha512-Vo1ab+QXPzZ4tCa8SwIHJFaSzy4R6SHf7BY79rFBDf0idraZWAkYrDjDj8uWaSm3S2TK+hJ7/t1CEmZ7jXw+pg==",
      "engines": {
        "node": ">=18.0.0"
      }
    },
    "node_modules/smee-client": {
      "version": "5.0.0",
      "resolved": "https://registry.npmjs.org/smee-client/-/smee-client-5.0.0.tgz",
      "integrity": "sha512-OYL8xPr1Tc0iqGohTGqHO/qEvUrPktK0a2Qcb0Uuj+j4KLnH5bsOhOlmpnmdh4zgzL3OwTfodcmkg5fVgiMUHw==",
      "dependencies": {
        "eventsource": "^4.0.0",
        "undici": "^7.0.0"
      },
      "bin": {
        "smee": "bin/smee.js"
      },
      "engines": {
        "node": "^20.18 || >= 22"
      }
    },
    "node_modules/undici": {
      "version": "7.16.0",
      "resolved": "https://registry.npmjs.org/undici/-/undici-7.16.0.tgz",
      "integrity": "sha512-QEg3HPMll0o3t2ourKwOeUAZ159Kn9mx5pnzHRQO8+Wixmh88YdZRiIwat0iNzNNXn0yoEtXJqFpyW7eM8BV7g==",
      "engines": {
        "node": ">=20.18.1"
      }
    }
  }
}
